/Volumes/Expansion/MelnickLab/LIPSA-github/results/MammalianMGA/MammalianMGA
/Volumes/Expansion/MelnickLab/LIPSA-github/results/MammalianMGA/MammalianMGA.codons.fa
/Volumes/Expansion/MelnickLab/LIPSA-github/results/MammalianMGA/MammalianMGA.aa.fa
/Volumes/Expansion/MelnickLab/LIPSA-github/results/MammalianMGA/MammalianMGA.codons.cln.fa
/Volumes/Expansion/MelnickLab/LIPSA-github/results/MammalianMGA/MammalianMGA.SA.codons.cln.fa
/Volumes/Expansion/MelnickLab/LIPSA-github/results/MammalianMGA/MammalianMGA.RD.SA.codons.cln.fa
/Volumes/Expansion/MelnickLab/LIPSA-github/results/MammalianMGA/MammalianMGA.RD.SA.codons.cln.fa.treefile
/Volumes/Expansion/MelnickLab/LIPSA-github/results/MammalianMGA/MammalianMGA.RD.SA.codons.cln.fa.PRIME.json
/Volumes/Expansion/MelnickLab/LIPSA-github/results/MammalianMGA/MammalianMGA.RD.SA.codons.cln.fa.MEME.json
/Volumes/Expansion/MelnickLab/LIPSA-github/data/MammalianMGA/MGA_refseq_transcript.fasta
/Volumes/Expansion/MelnickLab/LIPSA-github/results/MammalianMGA/MammalianMGA
/Volumes/Expansion/MelnickLab/LIPSA-github/results/MammalianMGA/MammalianMGA.codons.fa
/Volumes/Expansion/MelnickLab/LIPSA-github/results/MammalianMGA/MammalianMGA.codons.cln.fa
/Volumes/Expansion/MelnickLab/LIPSA-github/results/MammalianMGA/MammalianMGA.SA.codons.cln.fa
/Volumes/Expansion/MelnickLab/LIPSA-github/results/MammalianMGA/MammalianMGA.RD.SA.codons.cln.fa
/Volumes/Expansion/MelnickLab/LIPSA-github/results/MammalianMGA/MammalianMGA.RD.SA.codons.cln.fa
/Volumes/Expansion/MelnickLab/LIPSA-github/results/MammalianMGA/MammalianMGA.RD.SA.codons.cln.fa.treefile
/Volumes/Expansion/MelnickLab/LIPSA-github/results/MammalianMGA/MammalianMGA.RD.SA.codons.cln.fa
/Volumes/Expansion/MelnickLab/LIPSA-github/results/MammalianMGA/MammalianMGA.RD.SA.codons.cln.fa.treefile
