/Volumes/Expansion/MelnickLab/LIPSA-github/results/PrimateMGA/PrimateMGA
/Volumes/Expansion/MelnickLab/LIPSA-github/results/PrimateMGA/PrimateMGA.codons.fa
/Volumes/Expansion/MelnickLab/LIPSA-github/results/PrimateMGA/PrimateMGA.aa.fa
/Volumes/Expansion/MelnickLab/LIPSA-github/results/PrimateMGA/PrimateMGA.codons.cln.fa
/Volumes/Expansion/MelnickLab/LIPSA-github/results/PrimateMGA/PrimateMGA.SA.codons.cln.fa
/Volumes/Expansion/MelnickLab/LIPSA-github/results/PrimateMGA/PrimateMGA.RD.SA.codons.cln.fa
/Volumes/Expansion/MelnickLab/LIPSA-github/results/PrimateMGA/PrimateMGA.RD.SA.codons.cln.fa.treefile
/Volumes/Expansion/MelnickLab/LIPSA-github/results/PrimateMGA/PrimateMGA.RD.SA.codons.cln.fa.PRIME.json
/Volumes/Expansion/MelnickLab/LIPSA-github/results/PrimateMGA/PrimateMGA.RD.SA.codons.cln.fa.MEME.json
/Volumes/Expansion/MelnickLab/LIPSA-github/data/PrimateMGA/MGA_refseq_transcript.fasta
/Volumes/Expansion/MelnickLab/LIPSA-github/results/PrimateMGA/PrimateMGA
/Volumes/Expansion/MelnickLab/LIPSA-github/results/PrimateMGA/PrimateMGA.codons.fa
/Volumes/Expansion/MelnickLab/LIPSA-github/results/PrimateMGA/PrimateMGA.codons.cln.fa
/Volumes/Expansion/MelnickLab/LIPSA-github/results/PrimateMGA/PrimateMGA.SA.codons.cln.fa
/Volumes/Expansion/MelnickLab/LIPSA-github/results/PrimateMGA/PrimateMGA.RD.SA.codons.cln.fa
/Volumes/Expansion/MelnickLab/LIPSA-github/results/PrimateMGA/PrimateMGA.RD.SA.codons.cln.fa
/Volumes/Expansion/MelnickLab/LIPSA-github/results/PrimateMGA/PrimateMGA.RD.SA.codons.cln.fa.treefile
/Volumes/Expansion/MelnickLab/LIPSA-github/results/PrimateMGA/PrimateMGA.RD.SA.codons.cln.fa
/Volumes/Expansion/MelnickLab/LIPSA-github/results/PrimateMGA/PrimateMGA.RD.SA.codons.cln.fa.treefile
