/athena/melnicklab/users/scratch/agl4001/AOC/results/GnathostomataBCL6/GnathostomataBCL6.1.codon.fas.dst
/athena/melnicklab/users/scratch/agl4001/AOC/results/GnathostomataBCL6/GnathostomataBCL6.2.codon.fas.dst
/athena/melnicklab/users/scratch/agl4001/AOC/results/GnathostomataBCL6/GnathostomataBCL6.3.codon.fas.dst
/athena/melnicklab/users/scratch/agl4001/AOC/results/GnathostomataBCL6/GnathostomataBCL6.4.codon.fas.dst
/athena/melnicklab/users/scratch/agl4001/AOC/results/GnathostomataBCL6/GnathostomataBCL6.5.codon.fas.dst
/athena/melnicklab/users/scratch/agl4001/AOC/results/GnathostomataBCL6/GnathostomataBCL6.6.codon.fas.dst
/athena/melnicklab/users/scratch/agl4001/AOC/results/GnathostomataBCL6/GnathostomataBCL6.7.codon.fas.dst
/athena/melnicklab/users/scratch/agl4001/AOC/results/GnathostomataBCL6/GnathostomataBCL6.1.codon.fas.treefile
/athena/melnicklab/users/scratch/agl4001/AOC/results/GnathostomataBCL6/GnathostomataBCL6.2.codon.fas.treefile
/athena/melnicklab/users/scratch/agl4001/AOC/results/GnathostomataBCL6/GnathostomataBCL6.3.codon.fas.treefile
/athena/melnicklab/users/scratch/agl4001/AOC/results/GnathostomataBCL6/GnathostomataBCL6.4.codon.fas.treefile
/athena/melnicklab/users/scratch/agl4001/AOC/results/GnathostomataBCL6/GnathostomataBCL6.5.codon.fas.treefile
/athena/melnicklab/users/scratch/agl4001/AOC/results/GnathostomataBCL6/GnathostomataBCL6.6.codon.fas.treefile
/athena/melnicklab/users/scratch/agl4001/AOC/results/GnathostomataBCL6/GnathostomataBCL6.7.codon.fas.treefile
/athena/melnicklab/users/scratch/agl4001/AOC/results/GnathostomataBCL6/GnathostomataBCL6.1.codon.fas.FEL.json
/athena/melnicklab/users/scratch/agl4001/AOC/results/GnathostomataBCL6/GnathostomataBCL6.2.codon.fas.FEL.json
/athena/melnicklab/users/scratch/agl4001/AOC/results/GnathostomataBCL6/GnathostomataBCL6.3.codon.fas.FEL.json
/athena/melnicklab/users/scratch/agl4001/AOC/results/GnathostomataBCL6/GnathostomataBCL6.4.codon.fas.FEL.json
/athena/melnicklab/users/scratch/agl4001/AOC/results/GnathostomataBCL6/GnathostomataBCL6.5.codon.fas.FEL.json
/athena/melnicklab/users/scratch/agl4001/AOC/results/GnathostomataBCL6/GnathostomataBCL6.6.codon.fas.FEL.json
/athena/melnicklab/users/scratch/agl4001/AOC/results/GnathostomataBCL6/GnathostomataBCL6.7.codon.fas.FEL.json
/athena/melnicklab/users/scratch/agl4001/AOC/results/GnathostomataBCL6/GnathostomataBCL6.1.codon.fas.BUSTEDS.json
/athena/melnicklab/users/scratch/agl4001/AOC/results/GnathostomataBCL6/GnathostomataBCL6.2.codon.fas.BUSTEDS.json
/athena/melnicklab/users/scratch/agl4001/AOC/results/GnathostomataBCL6/GnathostomataBCL6.3.codon.fas.BUSTEDS.json
/athena/melnicklab/users/scratch/agl4001/AOC/results/GnathostomataBCL6/GnathostomataBCL6.4.codon.fas.BUSTEDS.json
/athena/melnicklab/users/scratch/agl4001/AOC/results/GnathostomataBCL6/GnathostomataBCL6.5.codon.fas.BUSTEDS.json
/athena/melnicklab/users/scratch/agl4001/AOC/results/GnathostomataBCL6/GnathostomataBCL6.6.codon.fas.BUSTEDS.json
/athena/melnicklab/users/scratch/agl4001/AOC/results/GnathostomataBCL6/GnathostomataBCL6.7.codon.fas.BUSTEDS.json
/athena/melnicklab/users/scratch/agl4001/AOC/results/GnathostomataBCL6/GnathostomataBCL6.1.codon.fas.MEME.json
/athena/melnicklab/users/scratch/agl4001/AOC/results/GnathostomataBCL6/GnathostomataBCL6.2.codon.fas.MEME.json
/athena/melnicklab/users/scratch/agl4001/AOC/results/GnathostomataBCL6/GnathostomataBCL6.3.codon.fas.MEME.json
/athena/melnicklab/users/scratch/agl4001/AOC/results/GnathostomataBCL6/GnathostomataBCL6.4.codon.fas.MEME.json
/athena/melnicklab/users/scratch/agl4001/AOC/results/GnathostomataBCL6/GnathostomataBCL6.5.codon.fas.MEME.json
/athena/melnicklab/users/scratch/agl4001/AOC/results/GnathostomataBCL6/GnathostomataBCL6.6.codon.fas.MEME.json
/athena/melnicklab/users/scratch/agl4001/AOC/results/GnathostomataBCL6/GnathostomataBCL6.7.codon.fas.MEME.json
/athena/melnicklab/users/scratch/agl4001/AOC/results/GnathostomataBCL6/GnathostomataBCL6.1.codon.fas.BUSTEDS-MH.json
/athena/melnicklab/users/scratch/agl4001/AOC/results/GnathostomataBCL6/GnathostomataBCL6.2.codon.fas.BUSTEDS-MH.json
/athena/melnicklab/users/scratch/agl4001/AOC/results/GnathostomataBCL6/GnathostomataBCL6.3.codon.fas.BUSTEDS-MH.json
/athena/melnicklab/users/scratch/agl4001/AOC/results/GnathostomataBCL6/GnathostomataBCL6.4.codon.fas.BUSTEDS-MH.json
/athena/melnicklab/users/scratch/agl4001/AOC/results/GnathostomataBCL6/GnathostomataBCL6.5.codon.fas.BUSTEDS-MH.json
/athena/melnicklab/users/scratch/agl4001/AOC/results/GnathostomataBCL6/GnathostomataBCL6.6.codon.fas.BUSTEDS-MH.json
/athena/melnicklab/users/scratch/agl4001/AOC/results/GnathostomataBCL6/GnathostomataBCL6.7.codon.fas.BUSTEDS-MH.json
/athena/melnicklab/users/scratch/agl4001/AOC/results/GnathostomataBCL6/GnathostomataBCL6.1.codon.fas
/athena/melnicklab/users/scratch/agl4001/AOC/results/GnathostomataBCL6/GnathostomataBCL6.2.codon.fas
/athena/melnicklab/users/scratch/agl4001/AOC/results/GnathostomataBCL6/GnathostomataBCL6.3.codon.fas
/athena/melnicklab/users/scratch/agl4001/AOC/results/GnathostomataBCL6/GnathostomataBCL6.4.codon.fas
/athena/melnicklab/users/scratch/agl4001/AOC/results/GnathostomataBCL6/GnathostomataBCL6.5.codon.fas
/athena/melnicklab/users/scratch/agl4001/AOC/results/GnathostomataBCL6/GnathostomataBCL6.6.codon.fas
/athena/melnicklab/users/scratch/agl4001/AOC/results/GnathostomataBCL6/GnathostomataBCL6.7.codon.fas
/athena/melnicklab/users/scratch/agl4001/AOC/results/GnathostomataBCL6/GnathostomataBCL6.1.codon.fas
/athena/melnicklab/users/scratch/agl4001/AOC/results/GnathostomataBCL6/GnathostomataBCL6.2.codon.fas
/athena/melnicklab/users/scratch/agl4001/AOC/results/GnathostomataBCL6/GnathostomataBCL6.3.codon.fas
/athena/melnicklab/users/scratch/agl4001/AOC/results/GnathostomataBCL6/GnathostomataBCL6.4.codon.fas
/athena/melnicklab/users/scratch/agl4001/AOC/results/GnathostomataBCL6/GnathostomataBCL6.5.codon.fas
/athena/melnicklab/users/scratch/agl4001/AOC/results/GnathostomataBCL6/GnathostomataBCL6.6.codon.fas
/athena/melnicklab/users/scratch/agl4001/AOC/results/GnathostomataBCL6/GnathostomataBCL6.7.codon.fas
/athena/melnicklab/users/scratch/agl4001/AOC/results/GnathostomataBCL6/GnathostomataBCL6.1.codon.fas
/athena/melnicklab/users/scratch/agl4001/AOC/results/GnathostomataBCL6/GnathostomataBCL6.1.codon.fas.treefile
/athena/melnicklab/users/scratch/agl4001/AOC/results/GnathostomataBCL6/GnathostomataBCL6.2.codon.fas
/athena/melnicklab/users/scratch/agl4001/AOC/results/GnathostomataBCL6/GnathostomataBCL6.2.codon.fas.treefile
/athena/melnicklab/users/scratch/agl4001/AOC/results/GnathostomataBCL6/GnathostomataBCL6.3.codon.fas
/athena/melnicklab/users/scratch/agl4001/AOC/results/GnathostomataBCL6/GnathostomataBCL6.3.codon.fas.treefile
/athena/melnicklab/users/scratch/agl4001/AOC/results/GnathostomataBCL6/GnathostomataBCL6.4.codon.fas
/athena/melnicklab/users/scratch/agl4001/AOC/results/GnathostomataBCL6/GnathostomataBCL6.4.codon.fas.treefile
/athena/melnicklab/users/scratch/agl4001/AOC/results/GnathostomataBCL6/GnathostomataBCL6.5.codon.fas
/athena/melnicklab/users/scratch/agl4001/AOC/results/GnathostomataBCL6/GnathostomataBCL6.5.codon.fas.treefile
/athena/melnicklab/users/scratch/agl4001/AOC/results/GnathostomataBCL6/GnathostomataBCL6.6.codon.fas
/athena/melnicklab/users/scratch/agl4001/AOC/results/GnathostomataBCL6/GnathostomataBCL6.6.codon.fas.treefile
/athena/melnicklab/users/scratch/agl4001/AOC/results/GnathostomataBCL6/GnathostomataBCL6.7.codon.fas
/athena/melnicklab/users/scratch/agl4001/AOC/results/GnathostomataBCL6/GnathostomataBCL6.7.codon.fas.treefile
/athena/melnicklab/users/scratch/agl4001/AOC/results/GnathostomataBCL6/GnathostomataBCL6.1.codon.fas
/athena/melnicklab/users/scratch/agl4001/AOC/results/GnathostomataBCL6/GnathostomataBCL6.1.codon.fas.treefile
/athena/melnicklab/users/scratch/agl4001/AOC/results/GnathostomataBCL6/GnathostomataBCL6.2.codon.fas
/athena/melnicklab/users/scratch/agl4001/AOC/results/GnathostomataBCL6/GnathostomataBCL6.2.codon.fas.treefile
/athena/melnicklab/users/scratch/agl4001/AOC/results/GnathostomataBCL6/GnathostomataBCL6.3.codon.fas
/athena/melnicklab/users/scratch/agl4001/AOC/results/GnathostomataBCL6/GnathostomataBCL6.3.codon.fas.treefile
/athena/melnicklab/users/scratch/agl4001/AOC/results/GnathostomataBCL6/GnathostomataBCL6.4.codon.fas
/athena/melnicklab/users/scratch/agl4001/AOC/results/GnathostomataBCL6/GnathostomataBCL6.4.codon.fas.treefile
/athena/melnicklab/users/scratch/agl4001/AOC/results/GnathostomataBCL6/GnathostomataBCL6.5.codon.fas
/athena/melnicklab/users/scratch/agl4001/AOC/results/GnathostomataBCL6/GnathostomataBCL6.5.codon.fas.treefile
/athena/melnicklab/users/scratch/agl4001/AOC/results/GnathostomataBCL6/GnathostomataBCL6.6.codon.fas
/athena/melnicklab/users/scratch/agl4001/AOC/results/GnathostomataBCL6/GnathostomataBCL6.6.codon.fas.treefile
/athena/melnicklab/users/scratch/agl4001/AOC/results/GnathostomataBCL6/GnathostomataBCL6.7.codon.fas
/athena/melnicklab/users/scratch/agl4001/AOC/results/GnathostomataBCL6/GnathostomataBCL6.7.codon.fas.treefile
/athena/melnicklab/users/scratch/agl4001/AOC/results/GnathostomataBCL6/GnathostomataBCL6.1.codon.fas
/athena/melnicklab/users/scratch/agl4001/AOC/results/GnathostomataBCL6/GnathostomataBCL6.1.codon.fas.treefile
/athena/melnicklab/users/scratch/agl4001/AOC/results/GnathostomataBCL6/GnathostomataBCL6.2.codon.fas
/athena/melnicklab/users/scratch/agl4001/AOC/results/GnathostomataBCL6/GnathostomataBCL6.2.codon.fas.treefile
/athena/melnicklab/users/scratch/agl4001/AOC/results/GnathostomataBCL6/GnathostomataBCL6.3.codon.fas
/athena/melnicklab/users/scratch/agl4001/AOC/results/GnathostomataBCL6/GnathostomataBCL6.3.codon.fas.treefile
/athena/melnicklab/users/scratch/agl4001/AOC/results/GnathostomataBCL6/GnathostomataBCL6.4.codon.fas
/athena/melnicklab/users/scratch/agl4001/AOC/results/GnathostomataBCL6/GnathostomataBCL6.4.codon.fas.treefile
/athena/melnicklab/users/scratch/agl4001/AOC/results/GnathostomataBCL6/GnathostomataBCL6.5.codon.fas
/athena/melnicklab/users/scratch/agl4001/AOC/results/GnathostomataBCL6/GnathostomataBCL6.5.codon.fas.treefile
/athena/melnicklab/users/scratch/agl4001/AOC/results/GnathostomataBCL6/GnathostomataBCL6.6.codon.fas
/athena/melnicklab/users/scratch/agl4001/AOC/results/GnathostomataBCL6/GnathostomataBCL6.6.codon.fas.treefile
/athena/melnicklab/users/scratch/agl4001/AOC/results/GnathostomataBCL6/GnathostomataBCL6.7.codon.fas
/athena/melnicklab/users/scratch/agl4001/AOC/results/GnathostomataBCL6/GnathostomataBCL6.7.codon.fas.treefile
/athena/melnicklab/users/scratch/agl4001/AOC/results/GnathostomataBCL6/GnathostomataBCL6.1.codon.fas
/athena/melnicklab/users/scratch/agl4001/AOC/results/GnathostomataBCL6/GnathostomataBCL6.1.codon.fas.treefile
/athena/melnicklab/users/scratch/agl4001/AOC/results/GnathostomataBCL6/GnathostomataBCL6.2.codon.fas
/athena/melnicklab/users/scratch/agl4001/AOC/results/GnathostomataBCL6/GnathostomataBCL6.2.codon.fas.treefile
/athena/melnicklab/users/scratch/agl4001/AOC/results/GnathostomataBCL6/GnathostomataBCL6.3.codon.fas
/athena/melnicklab/users/scratch/agl4001/AOC/results/GnathostomataBCL6/GnathostomataBCL6.3.codon.fas.treefile
/athena/melnicklab/users/scratch/agl4001/AOC/results/GnathostomataBCL6/GnathostomataBCL6.4.codon.fas
/athena/melnicklab/users/scratch/agl4001/AOC/results/GnathostomataBCL6/GnathostomataBCL6.4.codon.fas.treefile
/athena/melnicklab/users/scratch/agl4001/AOC/results/GnathostomataBCL6/GnathostomataBCL6.5.codon.fas
/athena/melnicklab/users/scratch/agl4001/AOC/results/GnathostomataBCL6/GnathostomataBCL6.5.codon.fas.treefile
/athena/melnicklab/users/scratch/agl4001/AOC/results/GnathostomataBCL6/GnathostomataBCL6.6.codon.fas
/athena/melnicklab/users/scratch/agl4001/AOC/results/GnathostomataBCL6/GnathostomataBCL6.6.codon.fas.treefile
/athena/melnicklab/users/scratch/agl4001/AOC/results/GnathostomataBCL6/GnathostomataBCL6.7.codon.fas
/athena/melnicklab/users/scratch/agl4001/AOC/results/GnathostomataBCL6/GnathostomataBCL6.7.codon.fas.treefile
